// !$*UTF8*$!
{
	archiveVersion = 1;
	classes = {
	};
	objectVersion = 46;
	objects = {

/* Begin PBXBuildFile section */
		AB964C8ADDD27D5F99C421BB /* Pods_ECommeia.framework in Frameworks */ = {isa = PBXBuildFile; fileRef = 9004646364E177C24FA01299 /* Pods_ECommeia.framework */; };
		C01C598C1F3068D900347EA0 /* SideMenuDrawerViewController.swift in Sources */ = {isa = PBXBuildFile; fileRef = C01C598B1F3068D900347EA0 /* SideMenuDrawerViewController.swift */; };
		C01C59931F30A9B000347EA0 /* p3.jpg in Resources */ = {isa = PBXBuildFile; fileRef = C01C59921F30A9B000347EA0 /* p3.jpg */; };
		C01C599C1F30AD2D00347EA0 /* food_icon.png in Resources */ = {isa = PBXBuildFile; fileRef = C01C599B1F30AD2D00347EA0 /* food_icon.png */; };
		C05F41F71F31C04400171B5E /* SideMenuDrawerTableViewCell.swift in Sources */ = {isa = PBXBuildFile; fileRef = C05F41F51F31C04400171B5E /* SideMenuDrawerTableViewCell.swift */; };
		C05F41F81F31C04400171B5E /* SideMenuDrawerTableViewCell.xib in Resources */ = {isa = PBXBuildFile; fileRef = C05F41F61F31C04400171B5E /* SideMenuDrawerTableViewCell.xib */; };
		C05F41FB1F31C06C00171B5E /* SideMenuView.swift in Sources */ = {isa = PBXBuildFile; fileRef = C05F41F91F31C06C00171B5E /* SideMenuView.swift */; };
		C05F41FC1F31C06C00171B5E /* SideMenuView.xib in Resources */ = {isa = PBXBuildFile; fileRef = C05F41FA1F31C06C00171B5E /* SideMenuView.xib */; };
		C05F41FE1F31C09100171B5E /* GlobalFunctions.swift in Sources */ = {isa = PBXBuildFile; fileRef = C05F41FD1F31C09100171B5E /* GlobalFunctions.swift */; };
		C05F42061F31C0D100171B5E /* bbq_consumables.png in Resources */ = {isa = PBXBuildFile; fileRef = C05F41FF1F31C0D100171B5E /* bbq_consumables.png */; };
		C05F42071F31C0D100171B5E /* bbq_ready_icon.png in Resources */ = {isa = PBXBuildFile; fileRef = C05F42001F31C0D100171B5E /* bbq_ready_icon.png */; };
		C05F42081F31C0D100171B5E /* cart_slider_icon.png in Resources */ = {isa = PBXBuildFile; fileRef = C05F42011F31C0D100171B5E /* cart_slider_icon.png */; };
		C05F42091F31C0D100171B5E /* entertainment_slider_icon.png in Resources */ = {isa = PBXBuildFile; fileRef = C05F42021F31C0D100171B5E /* entertainment_slider_icon.png */; };
		C05F420A1F31C0D100171B5E /* fast_food_delivery.png in Resources */ = {isa = PBXBuildFile; fileRef = C05F42031F31C0D100171B5E /* fast_food_delivery.png */; };
		C05F420B1F31C0D100171B5E /* food_slider_icon.png in Resources */ = {isa = PBXBuildFile; fileRef = C05F42041F31C0D100171B5E /* food_slider_icon.png */; };
		C05F420C1F31C0D100171B5E /* rental_slider_icon.png in Resources */ = {isa = PBXBuildFile; fileRef = C05F42051F31C0D100171B5E /* rental_slider_icon.png */; };
		C06E98E21F2F52C1004FB8BE /* FirstViewController.swift in Sources */ = {isa = PBXBuildFile; fileRef = C06E98E01F2F52C1004FB8BE /* FirstViewController.swift */; };
		C06E98E31F2F52C1004FB8BE /* FirstViewController.xib in Resources */ = {isa = PBXBuildFile; fileRef = C06E98E11F2F52C1004FB8BE /* FirstViewController.xib */; };
		C06E98E61F2F52D0004FB8BE /* SecondViewController.swift in Sources */ = {isa = PBXBuildFile; fileRef = C06E98E41F2F52D0004FB8BE /* SecondViewController.swift */; };
		C06E98E71F2F52D0004FB8BE /* SecondViewController.xib in Resources */ = {isa = PBXBuildFile; fileRef = C06E98E51F2F52D0004FB8BE /* SecondViewController.xib */; };
		C06E98EA1F2F565C004FB8BE /* ThirdViewController.swift in Sources */ = {isa = PBXBuildFile; fileRef = C06E98E81F2F565C004FB8BE /* ThirdViewController.swift */; };
		C06E98EB1F2F565C004FB8BE /* ThirdViewController.xib in Resources */ = {isa = PBXBuildFile; fileRef = C06E98E91F2F565C004FB8BE /* ThirdViewController.xib */; };
		C06E98EE1F2F566F004FB8BE /* FourthViewController.swift in Sources */ = {isa = PBXBuildFile; fileRef = C06E98EC1F2F566F004FB8BE /* FourthViewController.swift */; };
		C06E98EF1F2F566F004FB8BE /* FourthViewController.xib in Resources */ = {isa = PBXBuildFile; fileRef = C06E98ED1F2F566F004FB8BE /* FourthViewController.xib */; };
		C06E98F21F2F567F004FB8BE /* FifthViewController.swift in Sources */ = {isa = PBXBuildFile; fileRef = C06E98F01F2F567F004FB8BE /* FifthViewController.swift */; };
		C06E98F31F2F567F004FB8BE /* FifthViewController.xib in Resources */ = {isa = PBXBuildFile; fileRef = C06E98F11F2F567F004FB8BE /* FifthViewController.xib */; };
		C06E98F51F2F60C0004FB8BE /* LoginInViewController.swift in Sources */ = {isa = PBXBuildFile; fileRef = C06E98F41F2F60C0004FB8BE /* LoginInViewController.swift */; };
		C0A813551F2C4FE700C37711 /* 1.png in Resources */ = {isa = PBXBuildFile; fileRef = C0A813541F2C4FE700C37711 /* 1.png */; };
		C0D535411F32EB24009BD093 /* DetailsView.swift in Sources */ = {isa = PBXBuildFile; fileRef = C0D5353F1F32EB24009BD093 /* DetailsView.swift */; };
		C0D535421F32EB24009BD093 /* DetailsView.xib in Resources */ = {isa = PBXBuildFile; fileRef = C0D535401F32EB24009BD093 /* DetailsView.xib */; };
		C0D535441F32EE74009BD093 /* button_background.jpg in Resources */ = {isa = PBXBuildFile; fileRef = C0D535431F32EE74009BD093 /* button_background.jpg */; };
		C0D535461F32F0BD009BD093 /* back_icon1.png in Resources */ = {isa = PBXBuildFile; fileRef = C0D535451F32F0BD009BD093 /* back_icon1.png */; };
		C0D535481F32F23D009BD093 /* back_icon2.png in Resources */ = {isa = PBXBuildFile; fileRef = C0D535471F32F23D009BD093 /* back_icon2.png */; };
		C0D5354A1F3320B5009BD093 /* HRToast+UIView.swift in Sources */ = {isa = PBXBuildFile; fileRef = C0D535491F3320B5009BD093 /* HRToast+UIView.swift */; };
		C0D5354E1F3336A8009BD093 /* back_icon_white.png in Resources */ = {isa = PBXBuildFile; fileRef = C0D5354D1F3336A8009BD093 /* back_icon_white.png */; };
		C0D535551F333CA5009BD093 /* WishListView.swift in Sources */ = {isa = PBXBuildFile; fileRef = C0D535531F333CA5009BD093 /* WishListView.swift */; };
		C0D535561F333CA5009BD093 /* WishListView.xib in Resources */ = {isa = PBXBuildFile; fileRef = C0D535541F333CA5009BD093 /* WishListView.xib */; };
		C0D535591F333CC1009BD093 /* CartView.swift in Sources */ = {isa = PBXBuildFile; fileRef = C0D535571F333CC1009BD093 /* CartView.swift */; };
		C0D5355A1F333CC1009BD093 /* CartView.xib in Resources */ = {isa = PBXBuildFile; fileRef = C0D535581F333CC1009BD093 /* CartView.xib */; };
		C0D5355D1F334E7E009BD093 /* MyCartTableViewCell.swift in Sources */ = {isa = PBXBuildFile; fileRef = C0D5355B1F334E7E009BD093 /* MyCartTableViewCell.swift */; };
		C0D5355E1F334E7E009BD093 /* MyCartTableViewCell.xib in Resources */ = {isa = PBXBuildFile; fileRef = C0D5355C1F334E7E009BD093 /* MyCartTableViewCell.xib */; };
		C0F6C3EF1F2B4C660013699D /* AppDelegate.swift in Sources */ = {isa = PBXBuildFile; fileRef = C0F6C3EE1F2B4C660013699D /* AppDelegate.swift */; };
		C0F6C3F11F2B4C660013699D /* ViewController.swift in Sources */ = {isa = PBXBuildFile; fileRef = C0F6C3F01F2B4C660013699D /* ViewController.swift */; };
		C0F6C3F41F2B4C660013699D /* Main.storyboard in Resources */ = {isa = PBXBuildFile; fileRef = C0F6C3F21F2B4C660013699D /* Main.storyboard */; };
		C0F6C3F71F2B4C660013699D /* ECommeia.xcdatamodeld in Sources */ = {isa = PBXBuildFile; fileRef = C0F6C3F51F2B4C660013699D /* ECommeia.xcdatamodeld */; };
		C0F6C3F91F2B4C660013699D /* Assets.xcassets in Resources */ = {isa = PBXBuildFile; fileRef = C0F6C3F81F2B4C660013699D /* Assets.xcassets */; };
		C0F6C3FC1F2B4C660013699D /* LaunchScreen.storyboard in Resources */ = {isa = PBXBuildFile; fileRef = C0F6C3FA1F2B4C660013699D /* LaunchScreen.storyboard */; };
		C0F6C4071F2B4C670013699D /* ECommeiaTests.swift in Sources */ = {isa = PBXBuildFile; fileRef = C0F6C4061F2B4C670013699D /* ECommeiaTests.swift */; };
		C0F6C4121F2B4C670013699D /* ECommeiaUITests.swift in Sources */ = {isa = PBXBuildFile; fileRef = C0F6C4111F2B4C670013699D /* ECommeiaUITests.swift */; };
		C0F6C4491F2B4D5B0013699D /* HomeCollectionViewCell.swift in Sources */ = {isa = PBXBuildFile; fileRef = C0F6C4471F2B4D5B0013699D /* HomeCollectionViewCell.swift */; };
		C0F6C44A1F2B4D5B0013699D /* HomeCollectionViewCell.xib in Resources */ = {isa = PBXBuildFile; fileRef = C0F6C4481F2B4D5B0013699D /* HomeCollectionViewCell.xib */; };
		C0F6C44D1F2B4D660013699D /* Constants.swift in Sources */ = {isa = PBXBuildFile; fileRef = C0F6C44B1F2B4D660013699D /* Constants.swift */; };
		C0F6C4521F2B4D700013699D /* cart_icon.png in Resources */ = {isa = PBXBuildFile; fileRef = C0F6C4501F2B4D700013699D /* cart_icon.png */; };
		C0F6C4541F2B4DA30013699D /* HomeViewController.swift in Sources */ = {isa = PBXBuildFile; fileRef = C0F6C4531F2B4DA30013699D /* HomeViewController.swift */; };
		C0F6C4561F2B51AC0013699D /* menu_icon.png in Resources */ = {isa = PBXBuildFile; fileRef = C0F6C4551F2B51AC0013699D /* menu_icon.png */; };
		C0F6C45A1F2B548D0013699D /* HomeView.swift in Sources */ = {isa = PBXBuildFile; fileRef = C0F6C4581F2B548D0013699D /* HomeView.swift */; };
		C0F6C45B1F2B548D0013699D /* HomeView.xib in Resources */ = {isa = PBXBuildFile; fileRef = C0F6C4591F2B548D0013699D /* HomeView.xib */; };
		C0F6C4651F2B66900013699D /* wishList_icon.png in Resources */ = {isa = PBXBuildFile; fileRef = C0F6C4641F2B66900013699D /* wishList_icon.png */; };
/* End PBXBuildFile section */

/* Begin PBXContainerItemProxy section */
		C0F6C4031F2B4C670013699D /* PBXContainerItemProxy */ = {
			isa = PBXContainerItemProxy;
			containerPortal = C0F6C3E31F2B4C660013699D /* Project object */;
			proxyType = 1;
			remoteGlobalIDString = C0F6C3EA1F2B4C660013699D;
			remoteInfo = ECommeia;
		};
		C0F6C40E1F2B4C670013699D /* PBXContainerItemProxy */ = {
			isa = PBXContainerItemProxy;
			containerPortal = C0F6C3E31F2B4C660013699D /* Project object */;
			proxyType = 1;
			remoteGlobalIDString = C0F6C3EA1F2B4C660013699D;
			remoteInfo = ECommeia;
		};
/* End PBXContainerItemProxy section */

/* Begin PBXFileReference section */
		9004646364E177C24FA01299 /* Pods_ECommeia.framework */ = {isa = PBXFileReference; explicitFileType = wrapper.framework; includeInIndex = 0; path = Pods_ECommeia.framework; sourceTree = BUILT_PRODUCTS_DIR; };
		C01C598B1F3068D900347EA0 /* SideMenuDrawerViewController.swift */ = {isa = PBXFileReference; fileEncoding = 4; lastKnownFileType = sourcecode.swift; path = SideMenuDrawerViewController.swift; sourceTree = "<group>"; };
		C01C59921F30A9B000347EA0 /* p3.jpg */ = {isa = PBXFileReference; lastKnownFileType = image.jpeg; path = p3.jpg; sourceTree = "<group>"; };
		C01C599B1F30AD2D00347EA0 /* food_icon.png */ = {isa = PBXFileReference; lastKnownFileType = image.png; path = food_icon.png; sourceTree = "<group>"; };
		C05F41F51F31C04400171B5E /* SideMenuDrawerTableViewCell.swift */ = {isa = PBXFileReference; fileEncoding = 4; lastKnownFileType = sourcecode.swift; path = SideMenuDrawerTableViewCell.swift; sourceTree = "<group>"; };
		C05F41F61F31C04400171B5E /* SideMenuDrawerTableViewCell.xib */ = {isa = PBXFileReference; fileEncoding = 4; lastKnownFileType = file.xib; path = SideMenuDrawerTableViewCell.xib; sourceTree = "<group>"; };
		C05F41F91F31C06C00171B5E /* SideMenuView.swift */ = {isa = PBXFileReference; fileEncoding = 4; lastKnownFileType = sourcecode.swift; path = SideMenuView.swift; sourceTree = "<group>"; };
		C05F41FA1F31C06C00171B5E /* SideMenuView.xib */ = {isa = PBXFileReference; fileEncoding = 4; lastKnownFileType = file.xib; path = SideMenuView.xib; sourceTree = "<group>"; };
		C05F41FD1F31C09100171B5E /* GlobalFunctions.swift */ = {isa = PBXFileReference; fileEncoding = 4; lastKnownFileType = sourcecode.swift; path = GlobalFunctions.swift; sourceTree = "<group>"; };
		C05F41FF1F31C0D100171B5E /* bbq_consumables.png */ = {isa = PBXFileReference; lastKnownFileType = image.png; path = bbq_consumables.png; sourceTree = "<group>"; };
		C05F42001F31C0D100171B5E /* bbq_ready_icon.png */ = {isa = PBXFileReference; lastKnownFileType = image.png; path = bbq_ready_icon.png; sourceTree = "<group>"; };
		C05F42011F31C0D100171B5E /* cart_slider_icon.png */ = {isa = PBXFileReference; lastKnownFileType = image.png; path = cart_slider_icon.png; sourceTree = "<group>"; };
		C05F42021F31C0D100171B5E /* entertainment_slider_icon.png */ = {isa = PBXFileReference; lastKnownFileType = image.png; path = entertainment_slider_icon.png; sourceTree = "<group>"; };
		C05F42031F31C0D100171B5E /* fast_food_delivery.png */ = {isa = PBXFileReference; lastKnownFileType = image.png; path = fast_food_delivery.png; sourceTree = "<group>"; };
		C05F42041F31C0D100171B5E /* food_slider_icon.png */ = {isa = PBXFileReference; lastKnownFileType = image.png; path = food_slider_icon.png; sourceTree = "<group>"; };
		C05F42051F31C0D100171B5E /* rental_slider_icon.png */ = {isa = PBXFileReference; lastKnownFileType = image.png; path = rental_slider_icon.png; sourceTree = "<group>"; };
		C06E98E01F2F52C1004FB8BE /* FirstViewController.swift */ = {isa = PBXFileReference; fileEncoding = 4; lastKnownFileType = sourcecode.swift; path = FirstViewController.swift; sourceTree = "<group>"; };
		C06E98E11F2F52C1004FB8BE /* FirstViewController.xib */ = {isa = PBXFileReference; fileEncoding = 4; lastKnownFileType = file.xib; path = FirstViewController.xib; sourceTree = "<group>"; };
		C06E98E41F2F52D0004FB8BE /* SecondViewController.swift */ = {isa = PBXFileReference; fileEncoding = 4; lastKnownFileType = sourcecode.swift; path = SecondViewController.swift; sourceTree = "<group>"; };
		C06E98E51F2F52D0004FB8BE /* SecondViewController.xib */ = {isa = PBXFileReference; fileEncoding = 4; lastKnownFileType = file.xib; path = SecondViewController.xib; sourceTree = "<group>"; };
		C06E98E81F2F565C004FB8BE /* ThirdViewController.swift */ = {isa = PBXFileReference; fileEncoding = 4; lastKnownFileType = sourcecode.swift; path = ThirdViewController.swift; sourceTree = "<group>"; };
		C06E98E91F2F565C004FB8BE /* ThirdViewController.xib */ = {isa = PBXFileReference; fileEncoding = 4; lastKnownFileType = file.xib; path = ThirdViewController.xib; sourceTree = "<group>"; };
		C06E98EC1F2F566F004FB8BE /* FourthViewController.swift */ = {isa = PBXFileReference; fileEncoding = 4; lastKnownFileType = sourcecode.swift; path = FourthViewController.swift; sourceTree = "<group>"; };
		C06E98ED1F2F566F004FB8BE /* FourthViewController.xib */ = {isa = PBXFileReference; fileEncoding = 4; lastKnownFileType = file.xib; path = FourthViewController.xib; sourceTree = "<group>"; };
		C06E98F01F2F567F004FB8BE /* FifthViewController.swift */ = {isa = PBXFileReference; fileEncoding = 4; lastKnownFileType = sourcecode.swift; path = FifthViewController.swift; sourceTree = "<group>"; };
		C06E98F11F2F567F004FB8BE /* FifthViewController.xib */ = {isa = PBXFileReference; fileEncoding = 4; lastKnownFileType = file.xib; path = FifthViewController.xib; sourceTree = "<group>"; };
		C06E98F41F2F60C0004FB8BE /* LoginInViewController.swift */ = {isa = PBXFileReference; fileEncoding = 4; lastKnownFileType = sourcecode.swift; path = LoginInViewController.swift; sourceTree = "<group>"; };
		C0A813541F2C4FE700C37711 /* 1.png */ = {isa = PBXFileReference; lastKnownFileType = image.png; path = 1.png; sourceTree = "<group>"; };
		C0D5353F1F32EB24009BD093 /* DetailsView.swift */ = {isa = PBXFileReference; fileEncoding = 4; lastKnownFileType = sourcecode.swift; path = DetailsView.swift; sourceTree = "<group>"; };
		C0D535401F32EB24009BD093 /* DetailsView.xib */ = {isa = PBXFileReference; fileEncoding = 4; lastKnownFileType = file.xib; path = DetailsView.xib; sourceTree = "<group>"; };
		C0D535431F32EE74009BD093 /* button_background.jpg */ = {isa = PBXFileReference; lastKnownFileType = image.jpeg; path = button_background.jpg; sourceTree = "<group>"; };
		C0D535451F32F0BD009BD093 /* back_icon1.png */ = {isa = PBXFileReference; lastKnownFileType = image.png; path = back_icon1.png; sourceTree = "<group>"; };
		C0D535471F32F23D009BD093 /* back_icon2.png */ = {isa = PBXFileReference; lastKnownFileType = image.png; path = back_icon2.png; sourceTree = "<group>"; };
		C0D535491F3320B5009BD093 /* HRToast+UIView.swift */ = {isa = PBXFileReference; fileEncoding = 4; lastKnownFileType = sourcecode.swift; path = "HRToast+UIView.swift"; sourceTree = "<group>"; };
		C0D5354D1F3336A8009BD093 /* back_icon_white.png */ = {isa = PBXFileReference; lastKnownFileType = image.png; path = back_icon_white.png; sourceTree = "<group>"; };
		C0D535531F333CA5009BD093 /* WishListView.swift */ = {isa = PBXFileReference; fileEncoding = 4; lastKnownFileType = sourcecode.swift; path = WishListView.swift; sourceTree = "<group>"; };
		C0D535541F333CA5009BD093 /* WishListView.xib */ = {isa = PBXFileReference; fileEncoding = 4; lastKnownFileType = file.xib; path = WishListView.xib; sourceTree = "<group>"; };
		C0D535571F333CC1009BD093 /* CartView.swift */ = {isa = PBXFileReference; fileEncoding = 4; lastKnownFileType = sourcecode.swift; path = CartView.swift; sourceTree = "<group>"; };
		C0D535581F333CC1009BD093 /* CartView.xib */ = {isa = PBXFileReference; fileEncoding = 4; lastKnownFileType = file.xib; path = CartView.xib; sourceTree = "<group>"; };
		C0D5355B1F334E7E009BD093 /* MyCartTableViewCell.swift */ = {isa = PBXFileReference; fileEncoding = 4; lastKnownFileType = sourcecode.swift; path = MyCartTableViewCell.swift; sourceTree = "<group>"; };
		C0D5355C1F334E7E009BD093 /* MyCartTableViewCell.xib */ = {isa = PBXFileReference; fileEncoding = 4; lastKnownFileType = file.xib; path = MyCartTableViewCell.xib; sourceTree = "<group>"; };
		C0F6C3EB1F2B4C660013699D /* ECommeia.app */ = {isa = PBXFileReference; explicitFileType = wrapper.application; includeInIndex = 0; path = ECommeia.app; sourceTree = BUILT_PRODUCTS_DIR; };
		C0F6C3EE1F2B4C660013699D /* AppDelegate.swift */ = {isa = PBXFileReference; lastKnownFileType = sourcecode.swift; path = AppDelegate.swift; sourceTree = "<group>"; };
		C0F6C3F01F2B4C660013699D /* ViewController.swift */ = {isa = PBXFileReference; lastKnownFileType = sourcecode.swift; path = ViewController.swift; sourceTree = "<group>"; };
		C0F6C3F31F2B4C660013699D /* Base */ = {isa = PBXFileReference; lastKnownFileType = file.storyboard; name = Base; path = Base.lproj/Main.storyboard; sourceTree = "<group>"; };
		C0F6C3F61F2B4C660013699D /* ECommeia.xcdatamodel */ = {isa = PBXFileReference; lastKnownFileType = wrapper.xcdatamodel; path = ECommeia.xcdatamodel; sourceTree = "<group>"; };
		C0F6C3F81F2B4C660013699D /* Assets.xcassets */ = {isa = PBXFileReference; lastKnownFileType = folder.assetcatalog; path = Assets.xcassets; sourceTree = "<group>"; };
		C0F6C3FB1F2B4C660013699D /* Base */ = {isa = PBXFileReference; lastKnownFileType = file.storyboard; name = Base; path = Base.lproj/LaunchScreen.storyboard; sourceTree = "<group>"; };
		C0F6C3FD1F2B4C660013699D /* Info.plist */ = {isa = PBXFileReference; lastKnownFileType = text.plist.xml; path = Info.plist; sourceTree = "<group>"; };
		C0F6C4021F2B4C670013699D /* ECommeiaTests.xctest */ = {isa = PBXFileReference; explicitFileType = wrapper.cfbundle; includeInIndex = 0; path = ECommeiaTests.xctest; sourceTree = BUILT_PRODUCTS_DIR; };
		C0F6C4061F2B4C670013699D /* ECommeiaTests.swift */ = {isa = PBXFileReference; lastKnownFileType = sourcecode.swift; path = ECommeiaTests.swift; sourceTree = "<group>"; };
		C0F6C4081F2B4C670013699D /* Info.plist */ = {isa = PBXFileReference; lastKnownFileType = text.plist.xml; path = Info.plist; sourceTree = "<group>"; };
		C0F6C40D1F2B4C670013699D /* ECommeiaUITests.xctest */ = {isa = PBXFileReference; explicitFileType = wrapper.cfbundle; includeInIndex = 0; path = ECommeiaUITests.xctest; sourceTree = BUILT_PRODUCTS_DIR; };
		C0F6C4111F2B4C670013699D /* ECommeiaUITests.swift */ = {isa = PBXFileReference; lastKnownFileType = sourcecode.swift; path = ECommeiaUITests.swift; sourceTree = "<group>"; };
		C0F6C4131F2B4C670013699D /* Info.plist */ = {isa = PBXFileReference; lastKnownFileType = text.plist.xml; path = Info.plist; sourceTree = "<group>"; };
		C0F6C4471F2B4D5B0013699D /* HomeCollectionViewCell.swift */ = {isa = PBXFileReference; fileEncoding = 4; lastKnownFileType = sourcecode.swift; path = HomeCollectionViewCell.swift; sourceTree = "<group>"; };
		C0F6C4481F2B4D5B0013699D /* HomeCollectionViewCell.xib */ = {isa = PBXFileReference; fileEncoding = 4; lastKnownFileType = file.xib; path = HomeCollectionViewCell.xib; sourceTree = "<group>"; };
		C0F6C44B1F2B4D660013699D /* Constants.swift */ = {isa = PBXFileReference; fileEncoding = 4; lastKnownFileType = sourcecode.swift; path = Constants.swift; sourceTree = "<group>"; };
		C0F6C4501F2B4D700013699D /* cart_icon.png */ = {isa = PBXFileReference; lastKnownFileType = image.png; path = cart_icon.png; sourceTree = "<group>"; };
		C0F6C4531F2B4DA30013699D /* HomeViewController.swift */ = {isa = PBXFileReference; fileEncoding = 4; lastKnownFileType = sourcecode.swift; path = HomeViewController.swift; sourceTree = "<group>"; };
		C0F6C4551F2B51AC0013699D /* menu_icon.png */ = {isa = PBXFileReference; lastKnownFileType = image.png; path = menu_icon.png; sourceTree = "<group>"; };
		C0F6C4581F2B548D0013699D /* HomeView.swift */ = {isa = PBXFileReference; fileEncoding = 4; lastKnownFileType = sourcecode.swift; path = HomeView.swift; sourceTree = "<group>"; };
		C0F6C4591F2B548D0013699D /* HomeView.xib */ = {isa = PBXFileReference; fileEncoding = 4; lastKnownFileType = file.xib; path = HomeView.xib; sourceTree = "<group>"; };
		C0F6C4641F2B66900013699D /* wishList_icon.png */ = {isa = PBXFileReference; lastKnownFileType = image.png; path = wishList_icon.png; sourceTree = "<group>"; };
		E9BC84752123066DD7512801 /* Pods-ECommeia.debug.xcconfig */ = {isa = PBXFileReference; includeInIndex = 1; lastKnownFileType = text.xcconfig; name = "Pods-ECommeia.debug.xcconfig"; path = "Pods/Target Support Files/Pods-ECommeia/Pods-ECommeia.debug.xcconfig"; sourceTree = "<group>"; };
		F7A5F4136EA76E8438586363 /* Pods-ECommeia.release.xcconfig */ = {isa = PBXFileReference; includeInIndex = 1; lastKnownFileType = text.xcconfig; name = "Pods-ECommeia.release.xcconfig"; path = "Pods/Target Support Files/Pods-ECommeia/Pods-ECommeia.release.xcconfig"; sourceTree = "<group>"; };
/* End PBXFileReference section */

/* Begin PBXFrameworksBuildPhase section */
		C0F6C3E81F2B4C660013699D /* Frameworks */ = {
			isa = PBXFrameworksBuildPhase;
			buildActionMask = 2147483647;
			files = (
				AB964C8ADDD27D5F99C421BB /* Pods_ECommeia.framework in Frameworks */,
			);
			runOnlyForDeploymentPostprocessing = 0;
		};
		C0F6C3FF1F2B4C670013699D /* Frameworks */ = {
			isa = PBXFrameworksBuildPhase;
			buildActionMask = 2147483647;
			files = (
			);
			runOnlyForDeploymentPostprocessing = 0;
		};
		C0F6C40A1F2B4C670013699D /* Frameworks */ = {
			isa = PBXFrameworksBuildPhase;
			buildActionMask = 2147483647;
			files = (
			);
			runOnlyForDeploymentPostprocessing = 0;
		};
/* End PBXFrameworksBuildPhase section */

/* Begin PBXGroup section */
		41B5C8D87E125803949EE771 /* Pods */ = {
			isa = PBXGroup;
			children = (
				E9BC84752123066DD7512801 /* Pods-ECommeia.debug.xcconfig */,
				F7A5F4136EA76E8438586363 /* Pods-ECommeia.release.xcconfig */,
			);
			name = Pods;
			sourceTree = "<group>";
		};
		9E4D78EC77AD96330D0852FD /* Frameworks */ = {
			isa = PBXGroup;
			children = (
				9004646364E177C24FA01299 /* Pods_ECommeia.framework */,
			);
			name = Frameworks;
			sourceTree = "<group>";
		};
		C01C59891F30687500347EA0 /* MenuItemViews */ = {
			isa = PBXGroup;
			children = (
				C05F420E1F31CA5700171B5E /* CustomCells */,
				C05F420D1F31CA4500171B5E /* SubViews */,
				C06E98E01F2F52C1004FB8BE /* FirstViewController.swift */,
				C06E98E11F2F52C1004FB8BE /* FirstViewController.xib */,
				C06E98E41F2F52D0004FB8BE /* SecondViewController.swift */,
				C06E98E51F2F52D0004FB8BE /* SecondViewController.xib */,
				C06E98E81F2F565C004FB8BE /* ThirdViewController.swift */,
				C06E98E91F2F565C004FB8BE /* ThirdViewController.xib */,
				C06E98EC1F2F566F004FB8BE /* FourthViewController.swift */,
				C06E98ED1F2F566F004FB8BE /* FourthViewController.xib */,
				C06E98F01F2F567F004FB8BE /* FifthViewController.swift */,
				C06E98F11F2F567F004FB8BE /* FifthViewController.xib */,
			);
			name = MenuItemViews;
			sourceTree = "<group>";
		};
		C01C598A1F3068AD00347EA0 /* SideMenu */ = {
			isa = PBXGroup;
			children = (
				C01C59941F30ABF300347EA0 /* CustomCells */,
				C01C598D1F306AC500347EA0 /* SubViews */,
				C01C598B1F3068D900347EA0 /* SideMenuDrawerViewController.swift */,
			);
			name = SideMenu;
			sourceTree = "<group>";
		};
		C01C598D1F306AC500347EA0 /* SubViews */ = {
			isa = PBXGroup;
			children = (
				C05F41F91F31C06C00171B5E /* SideMenuView.swift */,
				C05F41FA1F31C06C00171B5E /* SideMenuView.xib */,
			);
			name = SubViews;
			sourceTree = "<group>";
		};
		C01C59941F30ABF300347EA0 /* CustomCells */ = {
			isa = PBXGroup;
			children = (
				C05F41F51F31C04400171B5E /* SideMenuDrawerTableViewCell.swift */,
				C05F41F61F31C04400171B5E /* SideMenuDrawerTableViewCell.xib */,
			);
			name = CustomCells;
			sourceTree = "<group>";
		};
		C05F420D1F31CA4500171B5E /* SubViews */ = {
			isa = PBXGroup;
			children = (
				C0F6C4581F2B548D0013699D /* HomeView.swift */,
				C0F6C4591F2B548D0013699D /* HomeView.xib */,
			);
			name = SubViews;
			sourceTree = "<group>";
		};
		C05F420E1F31CA5700171B5E /* CustomCells */ = {
			isa = PBXGroup;
			children = (
			);
			name = CustomCells;
			sourceTree = "<group>";
		};
		C0A813881F2CA52E00C37711 /* 3rdPartyClasses */ = {
			isa = PBXGroup;
			children = (
				C0A813891F2CA54300C37711 /* segmentControl */,
			);
			name = 3rdPartyClasses;
			sourceTree = "<group>";
		};
		C0A813891F2CA54300C37711 /* segmentControl */ = {
			isa = PBXGroup;
			children = (
			);
			name = segmentControl;
			sourceTree = "<group>";
		};
		C0D5353E1F32EAFE009BD093 /* SubViews */ = {
			isa = PBXGroup;
			children = (
				C0D5353F1F32EB24009BD093 /* DetailsView.swift */,
				C0D535401F32EB24009BD093 /* DetailsView.xib */,
				C0D535531F333CA5009BD093 /* WishListView.swift */,
				C0D535541F333CA5009BD093 /* WishListView.xib */,
				C0D535571F333CC1009BD093 /* CartView.swift */,
				C0D535581F333CC1009BD093 /* CartView.xib */,
			);
			name = SubViews;
			sourceTree = "<group>";
		};
		C0F6C3E21F2B4C660013699D = {
			isa = PBXGroup;
			children = (
				C0F6C3ED1F2B4C660013699D /* ECommeia */,
				C0F6C4051F2B4C670013699D /* ECommeiaTests */,
				C0F6C4101F2B4C670013699D /* ECommeiaUITests */,
				C0F6C3EC1F2B4C660013699D /* Products */,
				41B5C8D87E125803949EE771 /* Pods */,
				9E4D78EC77AD96330D0852FD /* Frameworks */,
			);
			sourceTree = "<group>";
		};
		C0F6C3EC1F2B4C660013699D /* Products */ = {
			isa = PBXGroup;
			children = (
				C0F6C3EB1F2B4C660013699D /* ECommeia.app */,
				C0F6C4021F2B4C670013699D /* ECommeiaTests.xctest */,
				C0F6C40D1F2B4C670013699D /* ECommeiaUITests.xctest */,
			);
			name = Products;
			sourceTree = "<group>";
		};
		C0F6C3ED1F2B4C660013699D /* ECommeia */ = {
			isa = PBXGroup;
			children = (
				C0A813881F2CA52E00C37711 /* 3rdPartyClasses */,
				C0F6C3F21F2B4C660013699D /* Main.storyboard */,
				C0F6C41F1F2B4CBD0013699D /* UIElements */,
				C0F6C4461F2B4D360013699D /* GlobalSharedClasses */,
				C0F6C4441F2B4D080013699D /* Icon&Images */,
				C0F6C3EE1F2B4C660013699D /* AppDelegate.swift */,
				C0F6C3F01F2B4C660013699D /* ViewController.swift */,
				C0F6C3F81F2B4C660013699D /* Assets.xcassets */,
				C0F6C3FA1F2B4C660013699D /* LaunchScreen.storyboard */,
				C0F6C3FD1F2B4C660013699D /* Info.plist */,
				C0F6C3F51F2B4C660013699D /* ECommeia.xcdatamodeld */,
			);
			path = ECommeia;
			sourceTree = "<group>";
		};
		C0F6C4051F2B4C670013699D /* ECommeiaTests */ = {
			isa = PBXGroup;
			children = (
				C0F6C4061F2B4C670013699D /* ECommeiaTests.swift */,
				C0F6C4081F2B4C670013699D /* Info.plist */,
			);
			path = ECommeiaTests;
			sourceTree = "<group>";
		};
		C0F6C4101F2B4C670013699D /* ECommeiaUITests */ = {
			isa = PBXGroup;
			children = (
				C0F6C4111F2B4C670013699D /* ECommeiaUITests.swift */,
				C0F6C4131F2B4C670013699D /* Info.plist */,
			);
			path = ECommeiaUITests;
			sourceTree = "<group>";
		};
		C0F6C41F1F2B4CBD0013699D /* UIElements */ = {
			isa = PBXGroup;
			children = (
				C0F6C4451F2B4D280013699D /* CustomCells */,
				C0D5353E1F32EAFE009BD093 /* SubViews */,
				C01C598A1F3068AD00347EA0 /* SideMenu */,
				C01C59891F30687500347EA0 /* MenuItemViews */,
				C06E98F41F2F60C0004FB8BE /* LoginInViewController.swift */,
				C0F6C4531F2B4DA30013699D /* HomeViewController.swift */,
			);
			name = UIElements;
			sourceTree = "<group>";
		};
		C0F6C4441F2B4D080013699D /* Icon&Images */ = {
			isa = PBXGroup;
			children = (
				C0D5354D1F3336A8009BD093 /* back_icon_white.png */,
				C0D535471F32F23D009BD093 /* back_icon2.png */,
				C0D535451F32F0BD009BD093 /* back_icon1.png */,
				C0D535431F32EE74009BD093 /* button_background.jpg */,
				C05F41FF1F31C0D100171B5E /* bbq_consumables.png */,
				C05F42001F31C0D100171B5E /* bbq_ready_icon.png */,
				C05F42011F31C0D100171B5E /* cart_slider_icon.png */,
				C05F42021F31C0D100171B5E /* entertainment_slider_icon.png */,
				C05F42031F31C0D100171B5E /* fast_food_delivery.png */,
				C05F42041F31C0D100171B5E /* food_slider_icon.png */,
				C05F42051F31C0D100171B5E /* rental_slider_icon.png */,
				C01C599B1F30AD2D00347EA0 /* food_icon.png */,
				C01C59921F30A9B000347EA0 /* p3.jpg */,
				C0F6C4551F2B51AC0013699D /* menu_icon.png */,
				C0F6C4641F2B66900013699D /* wishList_icon.png */,
				C0A813541F2C4FE700C37711 /* 1.png */,
				C0F6C4501F2B4D700013699D /* cart_icon.png */,
			);
			name = "Icon&Images";
			sourceTree = "<group>";
		};
		C0F6C4451F2B4D280013699D /* CustomCells */ = {
			isa = PBXGroup;
			children = (
				C0F6C4471F2B4D5B0013699D /* HomeCollectionViewCell.swift */,
				C0F6C4481F2B4D5B0013699D /* HomeCollectionViewCell.xib */,
				C0D5355B1F334E7E009BD093 /* MyCartTableViewCell.swift */,
				C0D5355C1F334E7E009BD093 /* MyCartTableViewCell.xib */,
			);
			name = CustomCells;
			sourceTree = "<group>";
		};
		C0F6C4461F2B4D360013699D /* GlobalSharedClasses */ = {
			isa = PBXGroup;
			children = (
				C0F6C44B1F2B4D660013699D /* Constants.swift */,
				C05F41FD1F31C09100171B5E /* GlobalFunctions.swift */,
				C0D535491F3320B5009BD093 /* HRToast+UIView.swift */,
			);
			name = GlobalSharedClasses;
			sourceTree = "<group>";
		};
/* End PBXGroup section */

/* Begin PBXNativeTarget section */
		C0F6C3EA1F2B4C660013699D /* ECommeia */ = {
			isa = PBXNativeTarget;
			buildConfigurationList = C0F6C4161F2B4C670013699D /* Build configuration list for PBXNativeTarget "ECommeia" */;
			buildPhases = (
				8CB9B87BA3B1A2E1BA7E702E /* [CP] Check Pods Manifest.lock */,
				C0F6C3E71F2B4C660013699D /* Sources */,
				C0F6C3E81F2B4C660013699D /* Frameworks */,
				C0F6C3E91F2B4C660013699D /* Resources */,
				7479C06F5485F4756337F9CD /* [CP] Embed Pods Frameworks */,
				0690C7171B36ACE13658810B /* [CP] Copy Pods Resources */,
			);
			buildRules = (
			);
			dependencies = (
			);
			name = ECommeia;
			productName = ECommeia;
			productReference = C0F6C3EB1F2B4C660013699D /* ECommeia.app */;
			productType = "com.apple.product-type.application";
		};
		C0F6C4011F2B4C670013699D /* ECommeiaTests */ = {
			isa = PBXNativeTarget;
			buildConfigurationList = C0F6C4191F2B4C670013699D /* Build configuration list for PBXNativeTarget "ECommeiaTests" */;
			buildPhases = (
				C0F6C3FE1F2B4C670013699D /* Sources */,
				C0F6C3FF1F2B4C670013699D /* Frameworks */,
				C0F6C4001F2B4C670013699D /* Resources */,
			);
			buildRules = (
			);
			dependencies = (
				C0F6C4041F2B4C670013699D /* PBXTargetDependency */,
			);
			name = ECommeiaTests;
			productName = ECommeiaTests;
			productReference = C0F6C4021F2B4C670013699D /* ECommeiaTests.xctest */;
			productType = "com.apple.product-type.bundle.unit-test";
		};
		C0F6C40C1F2B4C670013699D /* ECommeiaUITests */ = {
			isa = PBXNativeTarget;
			buildConfigurationList = C0F6C41C1F2B4C670013699D /* Build configuration list for PBXNativeTarget "ECommeiaUITests" */;
			buildPhases = (
				C0F6C4091F2B4C670013699D /* Sources */,
				C0F6C40A1F2B4C670013699D /* Frameworks */,
				C0F6C40B1F2B4C670013699D /* Resources */,
			);
			buildRules = (
			);
			dependencies = (
				C0F6C40F1F2B4C670013699D /* PBXTargetDependency */,
			);
			name = ECommeiaUITests;
			productName = ECommeiaUITests;
			productReference = C0F6C40D1F2B4C670013699D /* ECommeiaUITests.xctest */;
			productType = "com.apple.product-type.bundle.ui-testing";
		};
/* End PBXNativeTarget section */

/* Begin PBXProject section */
		C0F6C3E31F2B4C660013699D /* Project object */ = {
			isa = PBXProject;
			attributes = {
				LastSwiftUpdateCheck = 0830;
				LastUpgradeCheck = 0830;
				ORGANIZATIONNAME = HTS;
				TargetAttributes = {
					C0F6C3EA1F2B4C660013699D = {
						CreatedOnToolsVersion = 8.3.3;
						DevelopmentTeam = GW9NR7R2AD;
						ProvisioningStyle = Automatic;
					};
					C0F6C4011F2B4C670013699D = {
						CreatedOnToolsVersion = 8.3.3;
						DevelopmentTeam = GW9NR7R2AD;
						ProvisioningStyle = Automatic;
						TestTargetID = C0F6C3EA1F2B4C660013699D;
					};
					C0F6C40C1F2B4C670013699D = {
						CreatedOnToolsVersion = 8.3.3;
						DevelopmentTeam = GW9NR7R2AD;
						ProvisioningStyle = Automatic;
						TestTargetID = C0F6C3EA1F2B4C660013699D;
					};
				};
			};
			buildConfigurationList = C0F6C3E61F2B4C660013699D /* Build configuration list for PBXProject "ECommeia" */;
			compatibilityVersion = "Xcode 3.2";
			developmentRegion = English;
			hasScannedForEncodings = 0;
			knownRegions = (
				en,
				Base,
			);
			mainGroup = C0F6C3E21F2B4C660013699D;
			productRefGroup = C0F6C3EC1F2B4C660013699D /* Products */;
			projectDirPath = "";
			projectRoot = "";
			targets = (
				C0F6C3EA1F2B4C660013699D /* ECommeia */,
				C0F6C4011F2B4C670013699D /* ECommeiaTests */,
				C0F6C40C1F2B4C670013699D /* ECommeiaUITests */,
			);
		};
/* End PBXProject section */

/* Begin PBXResourcesBuildPhase section */
		C0F6C3E91F2B4C660013699D /* Resources */ = {
			isa = PBXResourcesBuildPhase;
			buildActionMask = 2147483647;
			files = (
				C06E98EF1F2F566F004FB8BE /* FourthViewController.xib in Resources */,
				C0F6C4651F2B66900013699D /* wishList_icon.png in Resources */,
				C0D5355A1F333CC1009BD093 /* CartView.xib in Resources */,
				C05F420A1F31C0D100171B5E /* fast_food_delivery.png in Resources */,
				C0F6C45B1F2B548D0013699D /* HomeView.xib in Resources */,
				C05F42071F31C0D100171B5E /* bbq_ready_icon.png in Resources */,
				C0D5355E1F334E7E009BD093 /* MyCartTableViewCell.xib in Resources */,
				C05F420B1F31C0D100171B5E /* food_slider_icon.png in Resources */,
				C06E98E31F2F52C1004FB8BE /* FirstViewController.xib in Resources */,
				C0F6C4521F2B4D700013699D /* cart_icon.png in Resources */,
				C0F6C3FC1F2B4C660013699D /* LaunchScreen.storyboard in Resources */,
				C0D5354E1F3336A8009BD093 /* back_icon_white.png in Resources */,
				C0D535481F32F23D009BD093 /* back_icon2.png in Resources */,
				C05F42061F31C0D100171B5E /* bbq_consumables.png in Resources */,
				C05F41F81F31C04400171B5E /* SideMenuDrawerTableViewCell.xib in Resources */,
				C05F42091F31C0D100171B5E /* entertainment_slider_icon.png in Resources */,
				C05F41FC1F31C06C00171B5E /* SideMenuView.xib in Resources */,
				C0F6C3F91F2B4C660013699D /* Assets.xcassets in Resources */,
				C06E98EB1F2F565C004FB8BE /* ThirdViewController.xib in Resources */,
				C05F420C1F31C0D100171B5E /* rental_slider_icon.png in Resources */,
				C0D535561F333CA5009BD093 /* WishListView.xib in Resources */,
				C06E98E71F2F52D0004FB8BE /* SecondViewController.xib in Resources */,
				C01C599C1F30AD2D00347EA0 /* food_icon.png in Resources */,
				C0F6C3F41F2B4C660013699D /* Main.storyboard in Resources */,
				C0D535421F32EB24009BD093 /* DetailsView.xib in Resources */,
				C0F6C44A1F2B4D5B0013699D /* HomeCollectionViewCell.xib in Resources */,
				C06E98F31F2F567F004FB8BE /* FifthViewController.xib in Resources */,
				C0D535441F32EE74009BD093 /* button_background.jpg in Resources */,
				C05F42081F31C0D100171B5E /* cart_slider_icon.png in Resources */,
				C01C59931F30A9B000347EA0 /* p3.jpg in Resources */,
				C0F6C4561F2B51AC0013699D /* menu_icon.png in Resources */,
				C0A813551F2C4FE700C37711 /* 1.png in Resources */,
				C0D535461F32F0BD009BD093 /* back_icon1.png in Resources */,
			);
			runOnlyForDeploymentPostprocessing = 0;
		};
		C0F6C4001F2B4C670013699D /* Resources */ = {
			isa = PBXResourcesBuildPhase;
			buildActionMask = 2147483647;
			files = (
			);
			runOnlyForDeploymentPostprocessing = 0;
		};
		C0F6C40B1F2B4C670013699D /* Resources */ = {
			isa = PBXResourcesBuildPhase;
			buildActionMask = 2147483647;
			files = (
			);
			runOnlyForDeploymentPostprocessing = 0;
		};
/* End PBXResourcesBuildPhase section */

/* Begin PBXShellScriptBuildPhase section */
		0690C7171B36ACE13658810B /* [CP] Copy Pods Resources */ = {
			isa = PBXShellScriptBuildPhase;
			buildActionMask = 2147483647;
			files = (
			);
			inputPaths = (
			);
			name = "[CP] Copy Pods Resources";
			outputPaths = (
			);
			runOnlyForDeploymentPostprocessing = 0;
			shellPath = /bin/sh;
			shellScript = "\"${SRCROOT}/Pods/Target Support Files/Pods-ECommeia/Pods-ECommeia-resources.sh\"\n";
			showEnvVarsInLog = 0;
		};
		7479C06F5485F4756337F9CD /* [CP] Embed Pods Frameworks */ = {
			isa = PBXShellScriptBuildPhase;
			buildActionMask = 2147483647;
			files = (
			);
			inputPaths = (
			);
			name = "[CP] Embed Pods Frameworks";
			outputPaths = (
			);
			runOnlyForDeploymentPostprocessing = 0;
			shellPath = /bin/sh;
			shellScript = "\"${SRCROOT}/Pods/Target Support Files/Pods-ECommeia/Pods-ECommeia-frameworks.sh\"\n";
			showEnvVarsInLog = 0;
		};
		8CB9B87BA3B1A2E1BA7E702E /* [CP] Check Pods Manifest.lock */ = {
			isa = PBXShellScriptBuildPhase;
			buildActionMask = 2147483647;
			files = (
			);
			inputPaths = (
			);
			name = "[CP] Check Pods Manifest.lock";
			outputPaths = (
			);
			runOnlyForDeploymentPostprocessing = 0;
			shellPath = /bin/sh;
			shellScript = "diff \"${PODS_ROOT}/../Podfile.lock\" \"${PODS_ROOT}/Manifest.lock\" > /dev/null\nif [ $? != 0 ] ; then\n    # print error to STDERR\n    echo \"error: The sandbox is not in sync with the Podfile.lock. Run 'pod install' or update your CocoaPods installation.\" >&2\n    exit 1\nfi\n";
			showEnvVarsInLog = 0;
		};
/* End PBXShellScriptBuildPhase section */

/* Begin PBXSourcesBuildPhase section */
		C0F6C3E71F2B4C660013699D /* Sources */ = {
			isa = PBXSourcesBuildPhase;
			buildActionMask = 2147483647;
			files = (
				C0F6C44D1F2B4D660013699D /* Constants.swift in Sources */,
				C06E98F21F2F567F004FB8BE /* FifthViewController.swift in Sources */,
				C05F41FE1F31C09100171B5E /* GlobalFunctions.swift in Sources */,
				C0D5354A1F3320B5009BD093 /* HRToast+UIView.swift in Sources */,
				C05F41FB1F31C06C00171B5E /* SideMenuView.swift in Sources */,
				C05F41F71F31C04400171B5E /* SideMenuDrawerTableViewCell.swift in Sources */,
				C0F6C3F71F2B4C660013699D /* ECommeia.xcdatamodeld in Sources */,
				C0D5355D1F334E7E009BD093 /* MyCartTableViewCell.swift in Sources */,
				C0F6C3F11F2B4C660013699D /* ViewController.swift in Sources */,
				C0D535551F333CA5009BD093 /* WishListView.swift in Sources */,
				C06E98E61F2F52D0004FB8BE /* SecondViewController.swift in Sources */,
				C0F6C3EF1F2B4C660013699D /* AppDelegate.swift in Sources */,
				C01C598C1F3068D900347EA0 /* SideMenuDrawerViewController.swift in Sources */,
				C06E98E21F2F52C1004FB8BE /* FirstViewController.swift in Sources */,
				C0D535411F32EB24009BD093 /* DetailsView.swift in Sources */,
				C06E98EA1F2F565C004FB8BE /* ThirdViewController.swift in Sources */,
				C0D535591F333CC1009BD093 /* CartView.swift in Sources */,
				C06E98F51F2F60C0004FB8BE /* LoginInViewController.swift in Sources */,
				C0F6C45A1F2B548D0013699D /* HomeView.swift in Sources */,
				C0F6C4541F2B4DA30013699D /* HomeViewController.swift in Sources */,
				C06E98EE1F2F566F004FB8BE /* FourthViewController.swift in Sources */,
				C0F6C4491F2B4D5B0013699D /* HomeCollectionViewCell.swift in Sources */,
			);
			runOnlyForDeploymentPostprocessing = 0;
		};
		C0F6C3FE1F2B4C670013699D /* Sources */ = {
			isa = PBXSourcesBuildPhase;
			buildActionMask = 2147483647;
			files = (
				C0F6C4071F2B4C670013699D /* ECommeiaTests.swift in Sources */,
			);
			runOnlyForDeploymentPostprocessing = 0;
		};
		C0F6C4091F2B4C670013699D /* Sources */ = {
			isa = PBXSourcesBuildPhase;
			buildActionMask = 2147483647;
			files = (
				C0F6C4121F2B4C670013699D /* ECommeiaUITests.swift in Sources */,
			);
			runOnlyForDeploymentPostprocessing = 0;
		};
/* End PBXSourcesBuildPhase section */

/* Begin PBXTargetDependency section */
		C0F6C4041F2B4C670013699D /* PBXTargetDependency */ = {
			isa = PBXTargetDependency;
			target = C0F6C3EA1F2B4C660013699D /* ECommeia */;
			targetProxy = C0F6C4031F2B4C670013699D /* PBXContainerItemProxy */;
		};
		C0F6C40F1F2B4C670013699D /* PBXTargetDependency */ = {
			isa = PBXTargetDependency;
			target = C0F6C3EA1F2B4C660013699D /* ECommeia */;
			targetProxy = C0F6C40E1F2B4C670013699D /* PBXContainerItemProxy */;
		};
/* End PBXTargetDependency section */

/* Begin PBXVariantGroup section */
		C0F6C3F21F2B4C660013699D /* Main.storyboard */ = {
			isa = PBXVariantGroup;
			children = (
				C0F6C3F31F2B4C660013699D /* Base */,
			);
			name = Main.storyboard;
			sourceTree = "<group>";
		};
		C0F6C3FA1F2B4C660013699D /* LaunchScreen.storyboard */ = {
			isa = PBXVariantGroup;
			children = (
				C0F6C3FB1F2B4C660013699D /* Base */,
			);
			name = LaunchScreen.storyboard;
			sourceTree = "<group>";
		};
/* End PBXVariantGroup section */

/* Begin XCBuildConfiguration section */
		C0F6C4141F2B4C670013699D /* Debug */ = {
			isa = XCBuildConfiguration;
			buildSettings = {
				ALWAYS_SEARCH_USER_PATHS = NO;
				CLANG_ANALYZER_NONNULL = YES;
				CLANG_ANALYZER_NUMBER_OBJECT_CONVERSION = YES_AGGRESSIVE;
				CLANG_CXX_LANGUAGE_STANDARD = "gnu++0x";
				CLANG_CXX_LIBRARY = "libc++";
				CLANG_ENABLE_MODULES = YES;
				CLANG_ENABLE_OBJC_ARC = YES;
				CLANG_WARN_BOOL_CONVERSION = YES;
				CLANG_WARN_CONSTANT_CONVERSION = YES;
				CLANG_WARN_DIRECT_OBJC_ISA_USAGE = YES_ERROR;
				CLANG_WARN_DOCUMENTATION_COMMENTS = YES;
				CLANG_WARN_EMPTY_BODY = YES;
				CLANG_WARN_ENUM_CONVERSION = YES;
				CLANG_WARN_INFINITE_RECURSION = YES;
				CLANG_WARN_INT_CONVERSION = YES;
				CLANG_WARN_OBJC_ROOT_CLASS = YES_ERROR;
				CLANG_WARN_SUSPICIOUS_MOVE = YES;
				CLANG_WARN_UNREACHABLE_CODE = YES;
				CLANG_WARN__DUPLICATE_METHOD_MATCH = YES;
				"CODE_SIGN_IDENTITY[sdk=iphoneos*]" = "iPhone Developer";
				COPY_PHASE_STRIP = NO;
				DEBUG_INFORMATION_FORMAT = dwarf;
				ENABLE_STRICT_OBJC_MSGSEND = YES;
				ENABLE_TESTABILITY = YES;
				GCC_C_LANGUAGE_STANDARD = gnu99;
				GCC_DYNAMIC_NO_PIC = NO;
				GCC_NO_COMMON_BLOCKS = YES;
				GCC_OPTIMIZATION_LEVEL = 0;
				GCC_PREPROCESSOR_DEFINITIONS = (
					"DEBUG=1",
					"$(inherited)",
				);
				GCC_WARN_64_TO_32_BIT_CONVERSION = YES;
				GCC_WARN_ABOUT_RETURN_TYPE = YES_ERROR;
				GCC_WARN_UNDECLARED_SELECTOR = YES;
				GCC_WARN_UNINITIALIZED_AUTOS = YES_AGGRESSIVE;
				GCC_WARN_UNUSED_FUNCTION = YES;
				GCC_WARN_UNUSED_VARIABLE = YES;
				IPHONEOS_DEPLOYMENT_TARGET = 10.3;
				MTL_ENABLE_DEBUG_INFO = YES;
				ONLY_ACTIVE_ARCH = YES;
				SDKROOT = iphoneos;
				SWIFT_ACTIVE_COMPILATION_CONDITIONS = DEBUG;
				SWIFT_OPTIMIZATION_LEVEL = "-Onone";
				TARGETED_DEVICE_FAMILY = "1,2";
			};
			name = Debug;
		};
		C0F6C4151F2B4C670013699D /* Release */ = {
			isa = XCBuildConfiguration;
			buildSettings = {
				ALWAYS_SEARCH_USER_PATHS = NO;
				CLANG_ANALYZER_NONNULL = YES;
				CLANG_ANALYZER_NUMBER_OBJECT_CONVERSION = YES_AGGRESSIVE;
				CLANG_CXX_LANGUAGE_STANDARD = "gnu++0x";
				CLANG_CXX_LIBRARY = "libc++";
				CLANG_ENABLE_MODULES = YES;
				CLANG_ENABLE_OBJC_ARC = YES;
				CLANG_WARN_BOOL_CONVERSION = YES;
				CLANG_WARN_CONSTANT_CONVERSION = YES;
				CLANG_WARN_DIRECT_OBJC_ISA_USAGE = YES_ERROR;
				CLANG_WARN_DOCUMENTATION_COMMENTS = YES;
				CLANG_WARN_EMPTY_BODY = YES;
				CLANG_WARN_ENUM_CONVERSION = YES;
				CLANG_WARN_INFINITE_RECURSION = YES;
				CLANG_WARN_INT_CONVERSION = YES;
				CLANG_WARN_OBJC_ROOT_CLASS = YES_ERROR;
				CLANG_WARN_SUSPICIOUS_MOVE = YES;
				CLANG_WARN_UNREACHABLE_CODE = YES;
				CLANG_WARN__DUPLICATE_METHOD_MATCH = YES;
				"CODE_SIGN_IDENTITY[sdk=iphoneos*]" = "iPhone Developer";
				COPY_PHASE_STRIP = NO;
				DEBUG_INFORMATION_FORMAT = "dwarf-with-dsym";
				ENABLE_NS_ASSERTIONS = NO;
				ENABLE_STRICT_OBJC_MSGSEND = YES;
				GCC_C_LANGUAGE_STANDARD = gnu99;
				GCC_NO_COMMON_BLOCKS = YES;
				GCC_WARN_64_TO_32_BIT_CONVERSION = YES;
				GCC_WARN_ABOUT_RETURN_TYPE = YES_ERROR;
				GCC_WARN_UNDECLARED_SELECTOR = YES;
				GCC_WARN_UNINITIALIZED_AUTOS = YES_AGGRESSIVE;
				GCC_WARN_UNUSED_FUNCTION = YES;
				GCC_WARN_UNUSED_VARIABLE = YES;
				IPHONEOS_DEPLOYMENT_TARGET = 10.3;
				MTL_ENABLE_DEBUG_INFO = NO;
				SDKROOT = iphoneos;
				SWIFT_OPTIMIZATION_LEVEL = "-Owholemodule";
				TARGETED_DEVICE_FAMILY = "1,2";
				VALIDATE_PRODUCT = YES;
			};
			name = Release;
		};
		C0F6C4171F2B4C670013699D /* Debug */ = {
			isa = XCBuildConfiguration;
			baseConfigurationReference = E9BC84752123066DD7512801 /* Pods-ECommeia.debug.xcconfig */;
			buildSettings = {
				ASSETCATALOG_COMPILER_APPICON_NAME = AppIcon;
				DEVELOPMENT_TEAM = GW9NR7R2AD;
				INFOPLIST_FILE = ECommeia/Info.plist;
				LD_RUNPATH_SEARCH_PATHS = "$(inherited) @executable_path/Frameworks";
				PRODUCT_BUNDLE_IDENTIFIER = HTS.ECommeia;
				PRODUCT_NAME = "$(TARGET_NAME)";
				SWIFT_VERSION = 3.0;
			};
			name = Debug;
		};
		C0F6C4181F2B4C670013699D /* Release */ = {
			isa = XCBuildConfiguration;
			baseConfigurationReference = F7A5F4136EA76E8438586363 /* Pods-ECommeia.release.xcconfig */;
			buildSettings = {
				ASSETCATALOG_COMPILER_APPICON_NAME = AppIcon;
				DEVELOPMENT_TEAM = GW9NR7R2AD;
				INFOPLIST_FILE = ECommeia/Info.plist;
				LD_RUNPATH_SEARCH_PATHS = "$(inherited) @executable_path/Frameworks";
				PRODUCT_BUNDLE_IDENTIFIER = HTS.ECommeia;
				PRODUCT_NAME = "$(TARGET_NAME)";
				SWIFT_VERSION = 3.0;
			};
			name = Release;
		};
		C0F6C41A1F2B4C670013699D /* Debug */ = {
			isa = XCBuildConfiguration;
			buildSettings = {
				ALWAYS_EMBED_SWIFT_STANDARD_LIBRARIES = YES;
				BUNDLE_LOADER = "$(TEST_HOST)";
				DEVELOPMENT_TEAM = GW9NR7R2AD;
				INFOPLIST_FILE = ECommeiaTests/Info.plist;
				LD_RUNPATH_SEARCH_PATHS = "$(inherited) @executable_path/Frameworks @loader_path/Frameworks";
				PRODUCT_BUNDLE_IDENTIFIER = HTS.ECommeiaTests;
				PRODUCT_NAME = "$(TARGET_NAME)";
				SWIFT_VERSION = 3.0;
				TEST_HOST = "$(BUILT_PRODUCTS_DIR)/ECommeia.app/ECommeia";
			};
			name = Debug;
		};
		C0F6C41B1F2B4C670013699D /* Release */ = {
			isa = XCBuildConfiguration;
			buildSettings = {
				ALWAYS_EMBED_SWIFT_STANDARD_LIBRARIES = YES;
				BUNDLE_LOADER = "$(TEST_HOST)";
				DEVELOPMENT_TEAM = GW9NR7R2AD;
				INFOPLIST_FILE = ECommeiaTests/Info.plist;
				LD_RUNPATH_SEARCH_PATHS = "$(inherited) @executable_path/Frameworks @loader_path/Frameworks";
				PRODUCT_BUNDLE_IDENTIFIER = HTS.ECommeiaTests;
				PRODUCT_NAME = "$(TARGET_NAME)";
				SWIFT_VERSION = 3.0;
				TEST_HOST = "$(BUILT_PRODUCTS_DIR)/ECommeia.app/ECommeia";
			};
			name = Release;
		};
		C0F6C41D1F2B4C670013699D /* Debug */ = {
			isa = XCBuildConfiguration;
			buildSettings = {
				ALWAYS_EMBED_SWIFT_STANDARD_LIBRARIES = YES;
				DEVELOPMENT_TEAM = GW9NR7R2AD;
				INFOPLIST_FILE = ECommeiaUITests/Info.plist;
				LD_RUNPATH_SEARCH_PATHS = "$(inherited) @executable_path/Frameworks @loader_path/Frameworks";
				PRODUCT_BUNDLE_IDENTIFIER = HTS.ECommeiaUITests;
				PRODUCT_NAME = "$(TARGET_NAME)";
				SWIFT_VERSION = 3.0;
				TEST_TARGET_NAME = ECommeia;
			};
			name = Debug;
		};
		C0F6C41E1F2B4C670013699D /* Release */ = {
			isa = XCBuildConfiguration;
			buildSettings = {
				ALWAYS_EMBED_SWIFT_STANDARD_LIBRARIES = YES;
				DEVELOPMENT_TEAM = GW9NR7R2AD;
				INFOPLIST_FILE = ECommeiaUITests/Info.plist;
				LD_RUNPATH_SEARCH_PATHS = "$(inherited) @executable_path/Frameworks @loader_path/Frameworks";
				PRODUCT_BUNDLE_IDENTIFIER = HTS.ECommeiaUITests;
				PRODUCT_NAME = "$(TARGET_NAME)";
				SWIFT_VERSION = 3.0;
				TEST_TARGET_NAME = ECommeia;
			};
			name = Release;
		};
/* End XCBuildConfiguration section */

/* Begin XCConfigurationList section */
		C0F6C3E61F2B4C660013699D /* Build configuration list for PBXProject "ECommeia" */ = {
			isa = XCConfigurationList;
			buildConfigurations = (
				C0F6C4141F2B4C670013699D /* Debug */,
				C0F6C4151F2B4C670013699D /* Release */,
			);
			defaultConfigurationIsVisible = 0;
			defaultConfigurationName = Release;
		};
		C0F6C4161F2B4C670013699D /* Build configuration list for PBXNativeTarget "ECommeia" */ = {
			isa = XCConfigurationList;
			buildConfigurations = (
				C0F6C4171F2B4C670013699D /* Debug */,
				C0F6C4181F2B4C670013699D /* Release */,
			);
			defaultConfigurationIsVisible = 0;
			defaultConfigurationName = Release;
		};
		C0F6C4191F2B4C670013699D /* Build configuration list for PBXNativeTarget "ECommeiaTests" */ = {
			isa = XCConfigurationList;
			buildConfigurations = (
				C0F6C41A1F2B4C670013699D /* Debug */,
				C0F6C41B1F2B4C670013699D /* Release */,
			);
			defaultConfigurationIsVisible = 0;
			defaultConfigurationName = Release;
		};
		C0F6C41C1F2B4C670013699D /* Build configuration list for PBXNativeTarget "ECommeiaUITests" */ = {
			isa = XCConfigurationList;
			buildConfigurations = (
				C0F6C41D1F2B4C670013699D /* Debug */,
				C0F6C41E1F2B4C670013699D /* Release */,
			);
			defaultConfigurationIsVisible = 0;
			defaultConfigurationName = Release;
		};
/* End XCConfigurationList section */

/* Begin XCVersionGroup section */
		C0F6C3F51F2B4C660013699D /* ECommeia.xcdatamodeld */ = {
			isa = XCVersionGroup;
			children = (
				C0F6C3F61F2B4C660013699D /* ECommeia.xcdatamodel */,
			);
			currentVersion = C0F6C3F61F2B4C660013699D /* ECommeia.xcdatamodel */;
			path = ECommeia.xcdatamodeld;
			sourceTree = "<group>";
			versionGroupType = wrapper.xcdatamodel;
		};
/* End XCVersionGroup section */
	};
	rootObject = C0F6C3E31F2B4C660013699D /* Project object */;
}
